// !$*UTF8*$!
{
	archiveVersion = 1;
	classes = {
	};
	objectVersion = 56;
	objects = {

/* Begin PBXBuildFile section */
		1232EE772AA895A800B7014A /* RSS_ReaderApp.swift in Sources */ = {isa = PBXBuildFile; fileRef = 1232EE762AA895A800B7014A /* RSS_ReaderApp.swift */; };
		1232EE7B2AA895AB00B7014A /* Assets.xcassets in Resources */ = {isa = PBXBuildFile; fileRef = 1232EE7A2AA895AB00B7014A /* Assets.xcassets */; };
		1232EE7E2AA895AB00B7014A /* Preview Assets.xcassets in Resources */ = {isa = PBXBuildFile; fileRef = 1232EE7D2AA895AB00B7014A /* Preview Assets.xcassets */; };
		1232EE882AA895AB00B7014A /* RSS_ReaderTests.swift in Sources */ = {isa = PBXBuildFile; fileRef = 1232EE872AA895AB00B7014A /* RSS_ReaderTests.swift */; };
		1232EE922AA895AB00B7014A /* RSS_ReaderUITests.swift in Sources */ = {isa = PBXBuildFile; fileRef = 1232EE912AA895AB00B7014A /* RSS_ReaderUITests.swift */; };
		1232EE942AA895AB00B7014A /* RSS_ReaderUITestsLaunchTests.swift in Sources */ = {isa = PBXBuildFile; fileRef = 1232EE932AA895AB00B7014A /* RSS_ReaderUITestsLaunchTests.swift */; };
		1232EEA22AA89B7200B7014A /* SwiftyXMLParser in Frameworks */ = {isa = PBXBuildFile; productRef = 1232EEA12AA89B7200B7014A /* SwiftyXMLParser */; };
		1232EEA62AA89BC000B7014A /* RSSReaderViewModel.swift in Sources */ = {isa = PBXBuildFile; fileRef = 1232EEA52AA89BC000B7014A /* RSSReaderViewModel.swift */; };
		1232EEAD2AA89E1800B7014A /* RSSModel.swift in Sources */ = {isa = PBXBuildFile; fileRef = 1232EEAC2AA89E1800B7014A /* RSSModel.swift */; };
		1232EEB62AA8E88900B7014A /* APIConstants.swift in Sources */ = {isa = PBXBuildFile; fileRef = 1232EEB52AA8E88900B7014A /* APIConstants.swift */; };
		1232EEB82AA8E8C700B7014A /* API Request.swift in Sources */ = {isa = PBXBuildFile; fileRef = 1232EEB72AA8E8C700B7014A /* API Request.swift */; };
		1232EEBA2AA8E8EF00B7014A /* RequestType.swift in Sources */ = {isa = PBXBuildFile; fileRef = 1232EEB92AA8E8EF00B7014A /* RequestType.swift */; };
		1232EEBC2AA8E90300B7014A /* NetworkError.swift in Sources */ = {isa = PBXBuildFile; fileRef = 1232EEBB2AA8E90300B7014A /* NetworkError.swift */; };
		1232EEC02AA8E96400B7014A /* DataParser.swift in Sources */ = {isa = PBXBuildFile; fileRef = 1232EEBF2AA8E96400B7014A /* DataParser.swift */; };
		1232EEC32AA8E97700B7014A /* RequestManager.swift in Sources */ = {isa = PBXBuildFile; fileRef = 1232EEC22AA8E97700B7014A /* RequestManager.swift */; };
		1232EEC52AA8E98700B7014A /* APIManager.swift in Sources */ = {isa = PBXBuildFile; fileRef = 1232EEC42AA8E98700B7014A /* APIManager.swift */; };
		1232EEC72AA8E9B900B7014A /* Cache.swift in Sources */ = {isa = PBXBuildFile; fileRef = 1232EEC62AA8E9B900B7014A /* Cache.swift */; };
		1232EEC92AA8E9D700B7014A /* RssFeedRequest.swift in Sources */ = {isa = PBXBuildFile; fileRef = 1232EEC82AA8E9D700B7014A /* RssFeedRequest.swift */; };
		1232EECC2AA97E6600B7014A /* RssListingHomeView.swift in Sources */ = {isa = PBXBuildFile; fileRef = 1232EECB2AA97E6600B7014A /* RssListingHomeView.swift */; };
		1232EECF2AA97E9B00B7014A /* ViewFactory.swift in Sources */ = {isa = PBXBuildFile; fileRef = 1232EECE2AA97E9B00B7014A /* ViewFactory.swift */; };
		1259F6442AADE62D00697B3E /* RssListCell.swift in Sources */ = {isa = PBXBuildFile; fileRef = 1259F6432AADE62D00697B3E /* RssListCell.swift */; };
		1259F6462AAE15A900697B3E /* LoadingView.swift in Sources */ = {isa = PBXBuildFile; fileRef = 1259F6452AAE15A900697B3E /* LoadingView.swift */; };
		1259F6482AAE19ED00697B3E /* RssDetailView.swift in Sources */ = {isa = PBXBuildFile; fileRef = 1259F6472AAE19ED00697B3E /* RssDetailView.swift */; };
		1259F64A2AAE1A5300697B3E /* ErrorView.swift in Sources */ = {isa = PBXBuildFile; fileRef = 1259F6492AAE1A5300697B3E /* ErrorView.swift */; };
		1259F64D2AAE1A8000697B3E /* AlertItem.swift in Sources */ = {isa = PBXBuildFile; fileRef = 1259F64C2AAE1A8000697B3E /* AlertItem.swift */; };
/* End PBXBuildFile section */

/* Begin PBXContainerItemProxy section */
		1232EE842AA895AB00B7014A /* PBXContainerItemProxy */ = {
			isa = PBXContainerItemProxy;
			containerPortal = 1232EE6B2AA895A800B7014A /* Project object */;
			proxyType = 1;
			remoteGlobalIDString = 1232EE722AA895A800B7014A;
			remoteInfo = "RSS Reader";
		};
		1232EE8E2AA895AB00B7014A /* PBXContainerItemProxy */ = {
			isa = PBXContainerItemProxy;
			containerPortal = 1232EE6B2AA895A800B7014A /* Project object */;
			proxyType = 1;
			remoteGlobalIDString = 1232EE722AA895A800B7014A;
			remoteInfo = "RSS Reader";
		};
/* End PBXContainerItemProxy section */

/* Begin PBXFileReference section */
		1232EE732AA895A800B7014A /* RSS Reader.app */ = {isa = PBXFileReference; explicitFileType = wrapper.application; includeInIndex = 0; path = "RSS Reader.app"; sourceTree = BUILT_PRODUCTS_DIR; };
		1232EE762AA895A800B7014A /* RSS_ReaderApp.swift */ = {isa = PBXFileReference; lastKnownFileType = sourcecode.swift; path = RSS_ReaderApp.swift; sourceTree = "<group>"; };
		1232EE7A2AA895AB00B7014A /* Assets.xcassets */ = {isa = PBXFileReference; lastKnownFileType = folder.assetcatalog; path = Assets.xcassets; sourceTree = "<group>"; };
		1232EE7D2AA895AB00B7014A /* Preview Assets.xcassets */ = {isa = PBXFileReference; lastKnownFileType = folder.assetcatalog; path = "Preview Assets.xcassets"; sourceTree = "<group>"; };
		1232EE832AA895AB00B7014A /* RSS ReaderTests.xctest */ = {isa = PBXFileReference; explicitFileType = wrapper.cfbundle; includeInIndex = 0; path = "RSS ReaderTests.xctest"; sourceTree = BUILT_PRODUCTS_DIR; };
		1232EE872AA895AB00B7014A /* RSS_ReaderTests.swift */ = {isa = PBXFileReference; lastKnownFileType = sourcecode.swift; path = RSS_ReaderTests.swift; sourceTree = "<group>"; };
		1232EE8D2AA895AB00B7014A /* RSS ReaderUITests.xctest */ = {isa = PBXFileReference; explicitFileType = wrapper.cfbundle; includeInIndex = 0; path = "RSS ReaderUITests.xctest"; sourceTree = BUILT_PRODUCTS_DIR; };
		1232EE912AA895AB00B7014A /* RSS_ReaderUITests.swift */ = {isa = PBXFileReference; lastKnownFileType = sourcecode.swift; path = RSS_ReaderUITests.swift; sourceTree = "<group>"; };
		1232EE932AA895AB00B7014A /* RSS_ReaderUITestsLaunchTests.swift */ = {isa = PBXFileReference; lastKnownFileType = sourcecode.swift; path = RSS_ReaderUITestsLaunchTests.swift; sourceTree = "<group>"; };
		1232EEA52AA89BC000B7014A /* RSSReaderViewModel.swift */ = {isa = PBXFileReference; lastKnownFileType = sourcecode.swift; path = RSSReaderViewModel.swift; sourceTree = "<group>"; };
		1232EEAC2AA89E1800B7014A /* RSSModel.swift */ = {isa = PBXFileReference; lastKnownFileType = sourcecode.swift; path = RSSModel.swift; sourceTree = "<group>"; };
		1232EEB52AA8E88900B7014A /* APIConstants.swift */ = {isa = PBXFileReference; lastKnownFileType = sourcecode.swift; path = APIConstants.swift; sourceTree = "<group>"; };
		1232EEB72AA8E8C700B7014A /* API Request.swift */ = {isa = PBXFileReference; lastKnownFileType = sourcecode.swift; path = "API Request.swift"; sourceTree = "<group>"; };
		1232EEB92AA8E8EF00B7014A /* RequestType.swift */ = {isa = PBXFileReference; lastKnownFileType = sourcecode.swift; path = RequestType.swift; sourceTree = "<group>"; };
		1232EEBB2AA8E90300B7014A /* NetworkError.swift */ = {isa = PBXFileReference; lastKnownFileType = sourcecode.swift; path = NetworkError.swift; sourceTree = "<group>"; };
		1232EEBF2AA8E96400B7014A /* DataParser.swift */ = {isa = PBXFileReference; lastKnownFileType = sourcecode.swift; path = DataParser.swift; sourceTree = "<group>"; };
		1232EEC22AA8E97700B7014A /* RequestManager.swift */ = {isa = PBXFileReference; lastKnownFileType = sourcecode.swift; path = RequestManager.swift; sourceTree = "<group>"; };
		1232EEC42AA8E98700B7014A /* APIManager.swift */ = {isa = PBXFileReference; lastKnownFileType = sourcecode.swift; path = APIManager.swift; sourceTree = "<group>"; };
		1232EEC62AA8E9B900B7014A /* Cache.swift */ = {isa = PBXFileReference; lastKnownFileType = sourcecode.swift; path = Cache.swift; sourceTree = "<group>"; };
		1232EEC82AA8E9D700B7014A /* RssFeedRequest.swift */ = {isa = PBXFileReference; lastKnownFileType = sourcecode.swift; path = RssFeedRequest.swift; sourceTree = "<group>"; };
		1232EECB2AA97E6600B7014A /* RssListingHomeView.swift */ = {isa = PBXFileReference; lastKnownFileType = sourcecode.swift; path = RssListingHomeView.swift; sourceTree = "<group>"; };
		1232EECE2AA97E9B00B7014A /* ViewFactory.swift */ = {isa = PBXFileReference; lastKnownFileType = sourcecode.swift; path = ViewFactory.swift; sourceTree = "<group>"; };
		1259F6432AADE62D00697B3E /* RssListCell.swift */ = {isa = PBXFileReference; lastKnownFileType = sourcecode.swift; path = RssListCell.swift; sourceTree = "<group>"; };
		1259F6452AAE15A900697B3E /* LoadingView.swift */ = {isa = PBXFileReference; lastKnownFileType = sourcecode.swift; path = LoadingView.swift; sourceTree = "<group>"; };
		1259F6472AAE19ED00697B3E /* RssDetailView.swift */ = {isa = PBXFileReference; lastKnownFileType = sourcecode.swift; path = RssDetailView.swift; sourceTree = "<group>"; };
		1259F6492AAE1A5300697B3E /* ErrorView.swift */ = {isa = PBXFileReference; lastKnownFileType = sourcecode.swift; path = ErrorView.swift; sourceTree = "<group>"; };
		1259F64C2AAE1A8000697B3E /* AlertItem.swift */ = {isa = PBXFileReference; lastKnownFileType = sourcecode.swift; path = AlertItem.swift; sourceTree = "<group>"; };
		1259F6502AAE21D400697B3E /* RSS-Reader-Info.plist */ = {isa = PBXFileReference; lastKnownFileType = text.plist; path = "RSS-Reader-Info.plist"; sourceTree = SOURCE_ROOT; };
/* End PBXFileReference section */

/* Begin PBXFrameworksBuildPhase section */
		1232EE702AA895A800B7014A /* Frameworks */ = {
			isa = PBXFrameworksBuildPhase;
			buildActionMask = 2147483647;
			files = (
				1232EEA22AA89B7200B7014A /* SwiftyXMLParser in Frameworks */,
			);
			runOnlyForDeploymentPostprocessing = 0;
		};
		1232EE802AA895AB00B7014A /* Frameworks */ = {
			isa = PBXFrameworksBuildPhase;
			buildActionMask = 2147483647;
			files = (
			);
			runOnlyForDeploymentPostprocessing = 0;
		};
		1232EE8A2AA895AB00B7014A /* Frameworks */ = {
			isa = PBXFrameworksBuildPhase;
			buildActionMask = 2147483647;
			files = (
			);
			runOnlyForDeploymentPostprocessing = 0;
		};
/* End PBXFrameworksBuildPhase section */

/* Begin PBXGroup section */
		1232EE6A2AA895A800B7014A = {
			isa = PBXGroup;
			children = (
				1232EE752AA895A800B7014A /* RSS Reader */,
				1232EE862AA895AB00B7014A /* RSS ReaderTests */,
				1232EE902AA895AB00B7014A /* RSS ReaderUITests */,
				1232EE742AA895A800B7014A /* Products */,
			);
			sourceTree = "<group>";
		};
		1232EE742AA895A800B7014A /* Products */ = {
			isa = PBXGroup;
			children = (
				1232EE732AA895A800B7014A /* RSS Reader.app */,
				1232EE832AA895AB00B7014A /* RSS ReaderTests.xctest */,
				1232EE8D2AA895AB00B7014A /* RSS ReaderUITests.xctest */,
			);
			name = Products;
			sourceTree = "<group>";
		};
		1232EE752AA895A800B7014A /* RSS Reader */ = {
			isa = PBXGroup;
			children = (
				1259F6502AAE21D400697B3E /* RSS-Reader-Info.plist */,
				1259F64B2AAE1A7A00697B3E /* Util */,
				1232EECD2AA97E7C00B7014A /* Factory */,
				1232EEB42AA8E87D00B7014A /* API */,
				1232EEAB2AA89E0100B7014A /* Model */,
				1232EECA2AA97E5500B7014A /* Views */,
				1232EEA72AA89BC400B7014A /* View Model */,
				1232EE762AA895A800B7014A /* RSS_ReaderApp.swift */,
				1232EE7A2AA895AB00B7014A /* Assets.xcassets */,
				1232EE7C2AA895AB00B7014A /* Preview Content */,
			);
			path = "RSS Reader";
			sourceTree = "<group>";
		};
		1232EE7C2AA895AB00B7014A /* Preview Content */ = {
			isa = PBXGroup;
			children = (
				1232EE7D2AA895AB00B7014A /* Preview Assets.xcassets */,
			);
			path = "Preview Content";
			sourceTree = "<group>";
		};
		1232EE862AA895AB00B7014A /* RSS ReaderTests */ = {
			isa = PBXGroup;
			children = (
				1232EE872AA895AB00B7014A /* RSS_ReaderTests.swift */,
			);
			path = "RSS ReaderTests";
			sourceTree = "<group>";
		};
		1232EE902AA895AB00B7014A /* RSS ReaderUITests */ = {
			isa = PBXGroup;
			children = (
				1232EE912AA895AB00B7014A /* RSS_ReaderUITests.swift */,
				1232EE932AA895AB00B7014A /* RSS_ReaderUITestsLaunchTests.swift */,
			);
			path = "RSS ReaderUITests";
			sourceTree = "<group>";
		};
		1232EEA72AA89BC400B7014A /* View Model */ = {
			isa = PBXGroup;
			children = (
				1232EEA52AA89BC000B7014A /* RSSReaderViewModel.swift */,
			);
			path = "View Model";
			sourceTree = "<group>";
		};
		1232EEAB2AA89E0100B7014A /* Model */ = {
			isa = PBXGroup;
			children = (
				1232EEAC2AA89E1800B7014A /* RSSModel.swift */,
			);
			path = Model;
			sourceTree = "<group>";
		};
		1232EEB42AA8E87D00B7014A /* API */ = {
			isa = PBXGroup;
			children = (
				1232EEC12AA8E96E00B7014A /* Api Manager */,
				1232EEBE2AA8E93900B7014A /* Parser */,
				1232EEBD2AA8E92D00B7014A /* Util */,
				1232EEC82AA8E9D700B7014A /* RssFeedRequest.swift */,
			);
			path = API;
			sourceTree = "<group>";
		};
		1232EEBD2AA8E92D00B7014A /* Util */ = {
			isa = PBXGroup;
			children = (
				1232EEB52AA8E88900B7014A /* APIConstants.swift */,
				1232EEB92AA8E8EF00B7014A /* RequestType.swift */,
				1232EEBB2AA8E90300B7014A /* NetworkError.swift */,
				1232EEB72AA8E8C700B7014A /* API Request.swift */,
				1232EEC62AA8E9B900B7014A /* Cache.swift */,
			);
			path = Util;
			sourceTree = "<group>";
		};
		1232EEBE2AA8E93900B7014A /* Parser */ = {
			isa = PBXGroup;
			children = (
				1232EEBF2AA8E96400B7014A /* DataParser.swift */,
			);
			path = Parser;
			sourceTree = "<group>";
		};
		1232EEC12AA8E96E00B7014A /* Api Manager */ = {
			isa = PBXGroup;
			children = (
				1232EEC22AA8E97700B7014A /* RequestManager.swift */,
				1232EEC42AA8E98700B7014A /* APIManager.swift */,
			);
			path = "Api Manager";
			sourceTree = "<group>";
		};
		1232EECA2AA97E5500B7014A /* Views */ = {
			isa = PBXGroup;
			children = (
				1232EECB2AA97E6600B7014A /* RssListingHomeView.swift */,
				1259F6432AADE62D00697B3E /* RssListCell.swift */,
				1259F6452AAE15A900697B3E /* LoadingView.swift */,
				1259F6472AAE19ED00697B3E /* RssDetailView.swift */,
				1259F6492AAE1A5300697B3E /* ErrorView.swift */,
			);
			path = Views;
			sourceTree = "<group>";
		};
		1232EECD2AA97E7C00B7014A /* Factory */ = {
			isa = PBXGroup;
			children = (
				1232EECE2AA97E9B00B7014A /* ViewFactory.swift */,
			);
			path = Factory;
			sourceTree = "<group>";
		};
		1259F64B2AAE1A7A00697B3E /* Util */ = {
			isa = PBXGroup;
			children = (
				1259F64C2AAE1A8000697B3E /* AlertItem.swift */,
			);
			path = Util;
			sourceTree = "<group>";
		};
/* End PBXGroup section */

/* Begin PBXNativeTarget section */
		1232EE722AA895A800B7014A /* RSS Reader */ = {
			isa = PBXNativeTarget;
			buildConfigurationList = 1232EE972AA895AB00B7014A /* Build configuration list for PBXNativeTarget "RSS Reader" */;
			buildPhases = (
				1232EE6F2AA895A800B7014A /* Sources */,
				1232EE702AA895A800B7014A /* Frameworks */,
				1232EE712AA895A800B7014A /* Resources */,
			);
			buildRules = (
			);
			dependencies = (
			);
			name = "RSS Reader";
			packageProductDependencies = (
				1232EEA12AA89B7200B7014A /* SwiftyXMLParser */,
			);
			productName = "RSS Reader";
			productReference = 1232EE732AA895A800B7014A /* RSS Reader.app */;
			productType = "com.apple.product-type.application";
		};
		1232EE822AA895AB00B7014A /* RSS ReaderTests */ = {
			isa = PBXNativeTarget;
			buildConfigurationList = 1232EE9A2AA895AB00B7014A /* Build configuration list for PBXNativeTarget "RSS ReaderTests" */;
			buildPhases = (
				1232EE7F2AA895AB00B7014A /* Sources */,
				1232EE802AA895AB00B7014A /* Frameworks */,
				1232EE812AA895AB00B7014A /* Resources */,
			);
			buildRules = (
			);
			dependencies = (
				1232EE852AA895AB00B7014A /* PBXTargetDependency */,
			);
			name = "RSS ReaderTests";
			productName = "RSS ReaderTests";
			productReference = 1232EE832AA895AB00B7014A /* RSS ReaderTests.xctest */;
			productType = "com.apple.product-type.bundle.unit-test";
		};
		1232EE8C2AA895AB00B7014A /* RSS ReaderUITests */ = {
			isa = PBXNativeTarget;
			buildConfigurationList = 1232EE9D2AA895AB00B7014A /* Build configuration list for PBXNativeTarget "RSS ReaderUITests" */;
			buildPhases = (
				1232EE892AA895AB00B7014A /* Sources */,
				1232EE8A2AA895AB00B7014A /* Frameworks */,
				1232EE8B2AA895AB00B7014A /* Resources */,
			);
			buildRules = (
			);
			dependencies = (
				1232EE8F2AA895AB00B7014A /* PBXTargetDependency */,
			);
			name = "RSS ReaderUITests";
			productName = "RSS ReaderUITests";
			productReference = 1232EE8D2AA895AB00B7014A /* RSS ReaderUITests.xctest */;
			productType = "com.apple.product-type.bundle.ui-testing";
		};
/* End PBXNativeTarget section */

/* Begin PBXProject section */
		1232EE6B2AA895A800B7014A /* Project object */ = {
			isa = PBXProject;
			attributes = {
				BuildIndependentTargetsInParallel = 1;
				LastSwiftUpdateCheck = 1430;
				LastUpgradeCheck = 1430;
				TargetAttributes = {
					1232EE722AA895A800B7014A = {
						CreatedOnToolsVersion = 14.3.1;
					};
					1232EE822AA895AB00B7014A = {
						CreatedOnToolsVersion = 14.3.1;
						TestTargetID = 1232EE722AA895A800B7014A;
					};
					1232EE8C2AA895AB00B7014A = {
						CreatedOnToolsVersion = 14.3.1;
						TestTargetID = 1232EE722AA895A800B7014A;
					};
				};
			};
			buildConfigurationList = 1232EE6E2AA895A800B7014A /* Build configuration list for PBXProject "RSS Reader" */;
			compatibilityVersion = "Xcode 14.0";
			developmentRegion = en;
			hasScannedForEncodings = 0;
			knownRegions = (
				en,
				Base,
			);
			mainGroup = 1232EE6A2AA895A800B7014A;
			packageReferences = (
				1232EEA02AA89B7200B7014A /* XCRemoteSwiftPackageReference "SwiftyXMLParser" */,
			);
			productRefGroup = 1232EE742AA895A800B7014A /* Products */;
			projectDirPath = "";
			projectRoot = "";
			targets = (
				1232EE722AA895A800B7014A /* RSS Reader */,
				1232EE822AA895AB00B7014A /* RSS ReaderTests */,
				1232EE8C2AA895AB00B7014A /* RSS ReaderUITests */,
			);
		};
/* End PBXProject section */

/* Begin PBXResourcesBuildPhase section */
		1232EE712AA895A800B7014A /* Resources */ = {
			isa = PBXResourcesBuildPhase;
			buildActionMask = 2147483647;
			files = (
				1232EE7E2AA895AB00B7014A /* Preview Assets.xcassets in Resources */,
				1232EE7B2AA895AB00B7014A /* Assets.xcassets in Resources */,
			);
			runOnlyForDeploymentPostprocessing = 0;
		};
		1232EE812AA895AB00B7014A /* Resources */ = {
			isa = PBXResourcesBuildPhase;
			buildActionMask = 2147483647;
			files = (
			);
			runOnlyForDeploymentPostprocessing = 0;
		};
		1232EE8B2AA895AB00B7014A /* Resources */ = {
			isa = PBXResourcesBuildPhase;
			buildActionMask = 2147483647;
			files = (
			);
			runOnlyForDeploymentPostprocessing = 0;
		};
/* End PBXResourcesBuildPhase section */

/* Begin PBXSourcesBuildPhase section */
		1232EE6F2AA895A800B7014A /* Sources */ = {
			isa = PBXSourcesBuildPhase;
			buildActionMask = 2147483647;
			files = (
				1232EEC52AA8E98700B7014A /* APIManager.swift in Sources */,
				1232EECC2AA97E6600B7014A /* RssListingHomeView.swift in Sources */,
				1232EEB62AA8E88900B7014A /* APIConstants.swift in Sources */,
				1232EEB82AA8E8C700B7014A /* API Request.swift in Sources */,
				1232EEA62AA89BC000B7014A /* RSSReaderViewModel.swift in Sources */,
				1259F64D2AAE1A8000697B3E /* AlertItem.swift in Sources */,
				1232EEC72AA8E9B900B7014A /* Cache.swift in Sources */,
				1232EEAD2AA89E1800B7014A /* RSSModel.swift in Sources */,
				1232EEC02AA8E96400B7014A /* DataParser.swift in Sources */,
				1232EEC32AA8E97700B7014A /* RequestManager.swift in Sources */,
				1232EEBC2AA8E90300B7014A /* NetworkError.swift in Sources */,
				1232EE772AA895A800B7014A /* RSS_ReaderApp.swift in Sources */,
				1232EEC92AA8E9D700B7014A /* RssFeedRequest.swift in Sources */,
				1232EEBA2AA8E8EF00B7014A /* RequestType.swift in Sources */,
				1259F64A2AAE1A5300697B3E /* ErrorView.swift in Sources */,
				1259F6482AAE19ED00697B3E /* RssDetailView.swift in Sources */,
				1232EECF2AA97E9B00B7014A /* ViewFactory.swift in Sources */,
				1259F6442AADE62D00697B3E /* RssListCell.swift in Sources */,
				1259F6462AAE15A900697B3E /* LoadingView.swift in Sources */,
			);
			runOnlyForDeploymentPostprocessing = 0;
		};
		1232EE7F2AA895AB00B7014A /* Sources */ = {
			isa = PBXSourcesBuildPhase;
			buildActionMask = 2147483647;
			files = (
				1232EE882AA895AB00B7014A /* RSS_ReaderTests.swift in Sources */,
			);
			runOnlyForDeploymentPostprocessing = 0;
		};
		1232EE892AA895AB00B7014A /* Sources */ = {
			isa = PBXSourcesBuildPhase;
			buildActionMask = 2147483647;
			files = (
				1232EE942AA895AB00B7014A /* RSS_ReaderUITestsLaunchTests.swift in Sources */,
				1232EE922AA895AB00B7014A /* RSS_ReaderUITests.swift in Sources */,
			);
			runOnlyForDeploymentPostprocessing = 0;
		};
/* End PBXSourcesBuildPhase section */

/* Begin PBXTargetDependency section */
		1232EE852AA895AB00B7014A /* PBXTargetDependency */ = {
			isa = PBXTargetDependency;
			target = 1232EE722AA895A800B7014A /* RSS Reader */;
			targetProxy = 1232EE842AA895AB00B7014A /* PBXContainerItemProxy */;
		};
		1232EE8F2AA895AB00B7014A /* PBXTargetDependency */ = {
			isa = PBXTargetDependency;
			target = 1232EE722AA895A800B7014A /* RSS Reader */;
			targetProxy = 1232EE8E2AA895AB00B7014A /* PBXContainerItemProxy */;
		};
/* End PBXTargetDependency section */

/* Begin XCBuildConfiguration section */
		1232EE952AA895AB00B7014A /* Debug */ = {
			isa = XCBuildConfiguration;
			buildSettings = {
				ALWAYS_SEARCH_USER_PATHS = NO;
				CLANG_ANALYZER_NONNULL = YES;
				CLANG_ANALYZER_NUMBER_OBJECT_CONVERSION = YES_AGGRESSIVE;
				CLANG_CXX_LANGUAGE_STANDARD = "gnu++20";
				CLANG_ENABLE_MODULES = YES;
				CLANG_ENABLE_OBJC_ARC = YES;
				CLANG_ENABLE_OBJC_WEAK = YES;
				CLANG_WARN_BLOCK_CAPTURE_AUTORELEASING = YES;
				CLANG_WARN_BOOL_CONVERSION = YES;
				CLANG_WARN_COMMA = YES;
				CLANG_WARN_CONSTANT_CONVERSION = YES;
				CLANG_WARN_DEPRECATED_OBJC_IMPLEMENTATIONS = YES;
				CLANG_WARN_DIRECT_OBJC_ISA_USAGE = YES_ERROR;
				CLANG_WARN_DOCUMENTATION_COMMENTS = YES;
				CLANG_WARN_EMPTY_BODY = YES;
				CLANG_WARN_ENUM_CONVERSION = YES;
				CLANG_WARN_INFINITE_RECURSION = YES;
				CLANG_WARN_INT_CONVERSION = YES;
				CLANG_WARN_NON_LITERAL_NULL_CONVERSION = YES;
				CLANG_WARN_OBJC_IMPLICIT_RETAIN_SELF = YES;
				CLANG_WARN_OBJC_LITERAL_CONVERSION = YES;
				CLANG_WARN_OBJC_ROOT_CLASS = YES_ERROR;
				CLANG_WARN_QUOTED_INCLUDE_IN_FRAMEWORK_HEADER = YES;
				CLANG_WARN_RANGE_LOOP_ANALYSIS = YES;
				CLANG_WARN_STRICT_PROTOTYPES = YES;
				CLANG_WARN_SUSPICIOUS_MOVE = YES;
				CLANG_WARN_UNGUARDED_AVAILABILITY = YES_AGGRESSIVE;
				CLANG_WARN_UNREACHABLE_CODE = YES;
				CLANG_WARN__DUPLICATE_METHOD_MATCH = YES;
				COPY_PHASE_STRIP = NO;
				DEBUG_INFORMATION_FORMAT = dwarf;
				ENABLE_STRICT_OBJC_MSGSEND = YES;
				ENABLE_TESTABILITY = YES;
				GCC_C_LANGUAGE_STANDARD = gnu11;
				GCC_DYNAMIC_NO_PIC = NO;
				GCC_NO_COMMON_BLOCKS = YES;
				GCC_OPTIMIZATION_LEVEL = 0;
				GCC_PREPROCESSOR_DEFINITIONS = (
					"DEBUG=1",
					"$(inherited)",
				);
				GCC_WARN_64_TO_32_BIT_CONVERSION = YES;
				GCC_WARN_ABOUT_RETURN_TYPE = YES_ERROR;
				GCC_WARN_UNDECLARED_SELECTOR = YES;
				GCC_WARN_UNINITIALIZED_AUTOS = YES_AGGRESSIVE;
				GCC_WARN_UNUSED_FUNCTION = YES;
				GCC_WARN_UNUSED_VARIABLE = YES;
				IPHONEOS_DEPLOYMENT_TARGET = 16.4;
				MTL_ENABLE_DEBUG_INFO = INCLUDE_SOURCE;
				MTL_FAST_MATH = YES;
				ONLY_ACTIVE_ARCH = YES;
				SDKROOT = iphoneos;
				SWIFT_ACTIVE_COMPILATION_CONDITIONS = DEBUG;
				SWIFT_OPTIMIZATION_LEVEL = "-Onone";
			};
			name = Debug;
		};
		1232EE962AA895AB00B7014A /* Release */ = {
			isa = XCBuildConfiguration;
			buildSettings = {
				ALWAYS_SEARCH_USER_PATHS = NO;
				CLANG_ANALYZER_NONNULL = YES;
				CLANG_ANALYZER_NUMBER_OBJECT_CONVERSION = YES_AGGRESSIVE;
				CLANG_CXX_LANGUAGE_STANDARD = "gnu++20";
				CLANG_ENABLE_MODULES = YES;
				CLANG_ENABLE_OBJC_ARC = YES;
				CLANG_ENABLE_OBJC_WEAK = YES;
				CLANG_WARN_BLOCK_CAPTURE_AUTORELEASING = YES;
				CLANG_WARN_BOOL_CONVERSION = YES;
				CLANG_WARN_COMMA = YES;
				CLANG_WARN_CONSTANT_CONVERSION = YES;
				CLANG_WARN_DEPRECATED_OBJC_IMPLEMENTATIONS = YES;
				CLANG_WARN_DIRECT_OBJC_ISA_USAGE = YES_ERROR;
				CLANG_WARN_DOCUMENTATION_COMMENTS = YES;
				CLANG_WARN_EMPTY_BODY = YES;
				CLANG_WARN_ENUM_CONVERSION = YES;
				CLANG_WARN_INFINITE_RECURSION = YES;
				CLANG_WARN_INT_CONVERSION = YES;
				CLANG_WARN_NON_LITERAL_NULL_CONVERSION = YES;
				CLANG_WARN_OBJC_IMPLICIT_RETAIN_SELF = YES;
				CLANG_WARN_OBJC_LITERAL_CONVERSION = YES;
				CLANG_WARN_OBJC_ROOT_CLASS = YES_ERROR;
				CLANG_WARN_QUOTED_INCLUDE_IN_FRAMEWORK_HEADER = YES;
				CLANG_WARN_RANGE_LOOP_ANALYSIS = YES;
				CLANG_WARN_STRICT_PROTOTYPES = YES;
				CLANG_WARN_SUSPICIOUS_MOVE = YES;
				CLANG_WARN_UNGUARDED_AVAILABILITY = YES_AGGRESSIVE;
				CLANG_WARN_UNREACHABLE_CODE = YES;
				CLANG_WARN__DUPLICATE_METHOD_MATCH = YES;
				COPY_PHASE_STRIP = NO;
				DEBUG_INFORMATION_FORMAT = "dwarf-with-dsym";
				ENABLE_NS_ASSERTIONS = NO;
				ENABLE_STRICT_OBJC_MSGSEND = YES;
				GCC_C_LANGUAGE_STANDARD = gnu11;
				GCC_NO_COMMON_BLOCKS = YES;
				GCC_WARN_64_TO_32_BIT_CONVERSION = YES;
				GCC_WARN_ABOUT_RETURN_TYPE = YES_ERROR;
				GCC_WARN_UNDECLARED_SELECTOR = YES;
				GCC_WARN_UNINITIALIZED_AUTOS = YES_AGGRESSIVE;
				GCC_WARN_UNUSED_FUNCTION = YES;
				GCC_WARN_UNUSED_VARIABLE = YES;
				IPHONEOS_DEPLOYMENT_TARGET = 16.4;
				MTL_ENABLE_DEBUG_INFO = NO;
				MTL_FAST_MATH = YES;
				SDKROOT = iphoneos;
				SWIFT_COMPILATION_MODE = wholemodule;
				SWIFT_OPTIMIZATION_LEVEL = "-O";
				VALIDATE_PRODUCT = YES;
			};
			name = Release;
		};
		1232EE982AA895AB00B7014A /* Debug */ = {
			isa = XCBuildConfiguration;
			buildSettings = {
				ASSETCATALOG_COMPILER_APPICON_NAME = AppIcon;
				ASSETCATALOG_COMPILER_GLOBAL_ACCENT_COLOR_NAME = AccentColor;
				CODE_SIGN_STYLE = Automatic;
				CURRENT_PROJECT_VERSION = 1;
				DEVELOPMENT_ASSET_PATHS = "\"RSS Reader/Preview Content\"";
				DEVELOPMENT_TEAM = 22GXVU34LT;
				ENABLE_PREVIEWS = YES;
				GENERATE_INFOPLIST_FILE = YES;
				INFOPLIST_FILE = "RSS-Reader-Info.plist";
				INFOPLIST_KEY_UIApplicationSceneManifest_Generation = YES;
				INFOPLIST_KEY_UIApplicationSupportsIndirectInputEvents = YES;
				INFOPLIST_KEY_UISupportedInterfaceOrientations_iPad = "UIInterfaceOrientationPortrait UIInterfaceOrientationPortraitUpsideDown UIInterfaceOrientationLandscapeLeft UIInterfaceOrientationLandscapeRight";
				INFOPLIST_KEY_UISupportedInterfaceOrientations_iPhone = "UIInterfaceOrientationPortrait UIInterfaceOrientationLandscapeLeft UIInterfaceOrientationLandscapeRight";
				LD_RUNPATH_SEARCH_PATHS = (
					"$(inherited)",
					"@executable_path/Frameworks",
				);
				MARKETING_VERSION = 1.0;
				PRODUCT_BUNDLE_IDENTIFIER = "com.jaffer.1.RSS-Reader";
				PRODUCT_NAME = "$(TARGET_NAME)";
				SWIFT_EMIT_LOC_STRINGS = YES;
				SWIFT_VERSION = 5.0;
				TARGETED_DEVICE_FAMILY = "1,2";
			};
			name = Debug;
		};
		1232EE992AA895AB00B7014A /* Release */ = {
			isa = XCBuildConfiguration;
			buildSettings = {
				ASSETCATALOG_COMPILER_APPICON_NAME = AppIcon;
				ASSETCATALOG_COMPILER_GLOBAL_ACCENT_COLOR_NAME = AccentColor;
				CODE_SIGN_STYLE = Automatic;
				CURRENT_PROJECT_VERSION = 1;
				DEVELOPMENT_ASSET_PATHS = "\"RSS Reader/Preview Content\"";
				DEVELOPMENT_TEAM = 22GXVU34LT;
				ENABLE_PREVIEWS = YES;
				GENERATE_INFOPLIST_FILE = YES;
				INFOPLIST_FILE = "RSS-Reader-Info.plist";
				INFOPLIST_KEY_UIApplicationSceneManifest_Generation = YES;
				INFOPLIST_KEY_UIApplicationSupportsIndirectInputEvents = YES;
				INFOPLIST_KEY_UISupportedInterfaceOrientations_iPad = "UIInterfaceOrientationPortrait UIInterfaceOrientationPortraitUpsideDown UIInterfaceOrientationLandscapeLeft UIInterfaceOrientationLandscapeRight";
				INFOPLIST_KEY_UISupportedInterfaceOrientations_iPhone = "UIInterfaceOrientationPortrait UIInterfaceOrientationLandscapeLeft UIInterfaceOrientationLandscapeRight";
				LD_RUNPATH_SEARCH_PATHS = (
					"$(inherited)",
					"@executable_path/Frameworks",
				);
				MARKETING_VERSION = 1.0;
				PRODUCT_BUNDLE_IDENTIFIER = "com.jaffer.1.RSS-Reader";
				PRODUCT_NAME = "$(TARGET_NAME)";
				SWIFT_EMIT_LOC_STRINGS = YES;
				SWIFT_VERSION = 5.0;
				TARGETED_DEVICE_FAMILY = "1,2";
			};
			name = Release;
		};
		1232EE9B2AA895AB00B7014A /* Debug */ = {
			isa = XCBuildConfiguration;
			buildSettings = {
				ALWAYS_EMBED_SWIFT_STANDARD_LIBRARIES = YES;
				BUNDLE_LOADER = "$(TEST_HOST)";
				CODE_SIGN_STYLE = Automatic;
				CURRENT_PROJECT_VERSION = 1;
				DEVELOPMENT_TEAM = 22GXVU34LT;
				GENERATE_INFOPLIST_FILE = YES;
				IPHONEOS_DEPLOYMENT_TARGET = 16.4;
				MARKETING_VERSION = 1.0;
				PRODUCT_BUNDLE_IDENTIFIER = "com.jaffer.1.RSS-ReaderTests";
				PRODUCT_NAME = "$(TARGET_NAME)";
				SWIFT_EMIT_LOC_STRINGS = NO;
				SWIFT_VERSION = 5.0;
				TARGETED_DEVICE_FAMILY = "1,2";
				TEST_HOST = "$(BUILT_PRODUCTS_DIR)/RSS Reader.app/$(BUNDLE_EXECUTABLE_FOLDER_PATH)/RSS Reader";
			};
			name = Debug;
		};
		1232EE9C2AA895AB00B7014A /* Release */ = {
			isa = XCBuildConfiguration;
			buildSettings = {
				ALWAYS_EMBED_SWIFT_STANDARD_LIBRARIES = YES;
				BUNDLE_LOADER = "$(TEST_HOST)";
				CODE_SIGN_STYLE = Automatic;
				CURRENT_PROJECT_VERSION = 1;
				DEVELOPMENT_TEAM = 22GXVU34LT;
				GENERATE_INFOPLIST_FILE = YES;
				IPHONEOS_DEPLOYMENT_TARGET = 16.4;
				MARKETING_VERSION = 1.0;
				PRODUCT_BUNDLE_IDENTIFIER = "com.jaffer.1.RSS-ReaderTests";
				PRODUCT_NAME = "$(TARGET_NAME)";
				SWIFT_EMIT_LOC_STRINGS = NO;
				SWIFT_VERSION = 5.0;
				TARGETED_DEVICE_FAMILY = "1,2";
				TEST_HOST = "$(BUILT_PRODUCTS_DIR)/RSS Reader.app/$(BUNDLE_EXECUTABLE_FOLDER_PATH)/RSS Reader";
			};
			name = Release;
		};
		1232EE9E2AA895AB00B7014A /* Debug */ = {
			isa = XCBuildConfiguration;
			buildSettings = {
				ALWAYS_EMBED_SWIFT_STANDARD_LIBRARIES = YES;
				CODE_SIGN_STYLE = Automatic;
				CURRENT_PROJECT_VERSION = 1;
				DEVELOPMENT_TEAM = 22GXVU34LT;
				GENERATE_INFOPLIST_FILE = YES;
				MARKETING_VERSION = 1.0;
				PRODUCT_BUNDLE_IDENTIFIER = "com.jaffer.1.RSS-ReaderUITests";
				PRODUCT_NAME = "$(TARGET_NAME)";
				SWIFT_EMIT_LOC_STRINGS = NO;
				SWIFT_VERSION = 5.0;
				TARGETED_DEVICE_FAMILY = "1,2";
				TEST_TARGET_NAME = "RSS Reader";
			};
			name = Debug;
		};
		1232EE9F2AA895AB00B7014A /* Release */ = {
			isa = XCBuildConfiguration;
			buildSettings = {
				ALWAYS_EMBED_SWIFT_STANDARD_LIBRARIES = YES;
				CODE_SIGN_STYLE = Automatic;
				CURRENT_PROJECT_VERSION = 1;
				DEVELOPMENT_TEAM = 22GXVU34LT;
				GENERATE_INFOPLIST_FILE = YES;
				MARKETING_VERSION = 1.0;
				PRODUCT_BUNDLE_IDENTIFIER = "com.jaffer.1.RSS-ReaderUITests";
				PRODUCT_NAME = "$(TARGET_NAME)";
				SWIFT_EMIT_LOC_STRINGS = NO;
				SWIFT_VERSION = 5.0;
				TARGETED_DEVICE_FAMILY = "1,2";
				TEST_TARGET_NAME = "RSS Reader";
			};
			name = Release;
		};
/* End XCBuildConfiguration section */

/* Begin XCConfigurationList section */
		1232EE6E2AA895A800B7014A /* Build configuration list for PBXProject "RSS Reader" */ = {
			isa = XCConfigurationList;
			buildConfigurations = (
				1232EE952AA895AB00B7014A /* Debug */,
				1232EE962AA895AB00B7014A /* Release */,
			);
			defaultConfigurationIsVisible = 0;
			defaultConfigurationName = Release;
		};
		1232EE972AA895AB00B7014A /* Build configuration list for PBXNativeTarget "RSS Reader" */ = {
			isa = XCConfigurationList;
			buildConfigurations = (
				1232EE982AA895AB00B7014A /* Debug */,
				1232EE992AA895AB00B7014A /* Release */,
			);
			defaultConfigurationIsVisible = 0;
			defaultConfigurationName = Release;
		};
		1232EE9A2AA895AB00B7014A /* Build configuration list for PBXNativeTarget "RSS ReaderTests" */ = {
			isa = XCConfigurationList;
			buildConfigurations = (
				1232EE9B2AA895AB00B7014A /* Debug */,
				1232EE9C2AA895AB00B7014A /* Release */,
			);
			defaultConfigurationIsVisible = 0;
			defaultConfigurationName = Release;
		};
		1232EE9D2AA895AB00B7014A /* Build configuration list for PBXNativeTarget "RSS ReaderUITests" */ = {
			isa = XCConfigurationList;
			buildConfigurations = (
				1232EE9E2AA895AB00B7014A /* Debug */,
				1232EE9F2AA895AB00B7014A /* Release */,
			);
			defaultConfigurationIsVisible = 0;
			defaultConfigurationName = Release;
		};
/* End XCConfigurationList section */

/* Begin XCRemoteSwiftPackageReference section */
		1232EEA02AA89B7200B7014A /* XCRemoteSwiftPackageReference "SwiftyXMLParser" */ = {
			isa = XCRemoteSwiftPackageReference;
			repositoryURL = "https://github.com/yahoojapan/SwiftyXMLParser";
			requirement = {
				kind = upToNextMajorVersion;
				minimumVersion = 5.0.0;
			};
		};
/* End XCRemoteSwiftPackageReference section */

/* Begin XCSwiftPackageProductDependency section */
		1232EEA12AA89B7200B7014A /* SwiftyXMLParser */ = {
			isa = XCSwiftPackageProductDependency;
			package = 1232EEA02AA89B7200B7014A /* XCRemoteSwiftPackageReference "SwiftyXMLParser" */;
			productName = SwiftyXMLParser;
		};
/* End XCSwiftPackageProductDependency section */
	};
	rootObject = 1232EE6B2AA895A800B7014A /* Project object */;
}
